
Microsoft Visual Studio Solution File, Format Version 12.00
# Visual Studio 14
VisualStudioVersion = 14.0.25420.1
MinimumVisualStudioVersion = 10.0.40219.1
Project("{FAE04EC0-301F-11D3-BF4B-00C04F79EFBC}") = "Build.Installer.Nsis", "Installers\Nsis\Build.Installer.Nsis.csproj", "{ADC34399-7613-44D2-90B2-19250F06FE7A}"
	ProjectSection(ProjectDependencies) = postProject
		{650C6F3D-33B5-4216-9536-956AB42C0624} = {650C6F3D-33B5-4216-9536-956AB42C0624}
		{75DC22B1-113F-4A66-96B9-2FF8208C10E8} = {75DC22B1-113F-4A66-96B9-2FF8208C10E8}
	EndProjectSection
EndProject
Project("{FAE04EC0-301F-11D3-BF4B-00C04F79EFBC}") = "Build.Docs", "Documentation\Build.Docs.csproj", "{650C6F3D-33B5-4216-9536-956AB42C0624}"
	ProjectSection(ProjectDependencies) = postProject
		{75DC22B1-113F-4A66-96B9-2FF8208C10E8} = {75DC22B1-113F-4A66-96B9-2FF8208C10E8}
	EndProjectSection
EndProject
Project("{FAE04EC0-301F-11D3-BF4B-00C04F79EFBC}") = "Generator.Bind", "Source\Bind\Generator.Bind.csproj", "{31D19132-0000-0000-0000-000000000000}"
	ProjectSection(ProjectDependencies) = postProject
		{75DC22B1-113F-4A66-96B9-2FF8208C10E8} = {75DC22B1-113F-4A66-96B9-2FF8208C10E8}
	EndProjectSection
EndProject
Project("{FAE04EC0-301F-11D3-BF4B-00C04F79EFBC}") = "Generator.Convert", "Source\Converter\Generator.Convert.csproj", "{5FDFF4B6-0000-0000-0000-000000000000}"
	ProjectSection(ProjectDependencies) = postProject
		{75DC22B1-113F-4A66-96B9-2FF8208C10E8} = {75DC22B1-113F-4A66-96B9-2FF8208C10E8}
	EndProjectSection
EndProject
Project("{FAE04EC0-301F-11D3-BF4B-00C04F79EFBC}") = "Build.UpdateVersion", "Source\Build.UpdateVersion\Build.UpdateVersion.csproj", "{75DC22B1-113F-4A66-96B9-2FF8208C10E8}"
EndProject
Project("{FAE04EC0-301F-11D3-BF4B-00C04F79EFBC}") = "Build.Installer.Zip", "Installers\Zip\Build.Installer.Zip.csproj", "{ADC34399-7613-44D2-90B2-19250F06FE7B}"
	ProjectSection(ProjectDependencies) = postProject
		{650C6F3D-33B5-4216-9536-956AB42C0624} = {650C6F3D-33B5-4216-9536-956AB42C0624}
		{75DC22B1-113F-4A66-96B9-2FF8208C10E8} = {75DC22B1-113F-4A66-96B9-2FF8208C10E8}
	EndProjectSection
EndProject
Project("{FAE04EC0-301F-11D3-BF4B-00C04F79EFBC}") = "Build.Installer.Nuget", "Installers\Nuget\Build.Installer.Nuget.csproj", "{ADC34399-7613-44D2-90B2-19250F12FE7B}"
	ProjectSection(ProjectDependencies) = postProject
		{650C6F3D-33B5-4216-9536-956AB42C0624} = {650C6F3D-33B5-4216-9536-956AB42C0624}
		{75DC22B1-113F-4A66-96B9-2FF8208C10E8} = {75DC22B1-113F-4A66-96B9-2FF8208C10E8}
	EndProjectSection
EndProject
Project("{FAE04EC0-301F-11D3-BF4B-00C04F79EFBC}") = "Generator.Rewrite", "Source\Generator.Rewrite\Generator.Rewrite.csproj", "{C426C9D1-8857-4E52-BAC7-4C05EE6070AB}"
	ProjectSection(ProjectDependencies) = postProject
		{75DC22B1-113F-4A66-96B9-2FF8208C10E8} = {75DC22B1-113F-4A66-96B9-2FF8208C10E8}
	EndProjectSection
EndProject
Project("{FAE04EC0-301F-11D3-BF4B-00C04F79EFBC}") = "OpenTK.Tests.Compat", "Source\OpenTK.Tests\OpenTK.Tests.Compat.csproj", "{3C3A7B63-5A25-40EE-954A-C9EDA0732EC4}"
EndProject
Project("{FAE04EC0-301F-11D3-BF4B-00C04F79EFBC}") = "OpenTK.Compat", "Source\OpenTK\OpenTK.Compat.csproj", "{A37A7E14-0000-0000-0000-000000000000}"
EndProject
Project("{FAE04EC0-301F-11D3-BF4B-00C04F79EFBC}") = "Test.API.Desktop.Compat", "Source\Tests\Test.API.Desktop\Test.API.Desktop.Compat.csproj", "{11A0C091-262B-4CC2-8F9E-40AA32321EE4}"
	ProjectSection(ProjectDependencies) = postProject
		{A37A7E14-0000-0000-0000-000000000000} = {A37A7E14-0000-0000-0000-000000000000}
	EndProjectSection
EndProject
Project("{FAE04EC0-301F-11D3-BF4B-00C04F79EFBC}") = "OpenTK.GLControl.Compat", "Source\GLControl\OpenTK.GLControl.Compat.csproj", "{34DEDFAF-DF27-4E9A-ADE0-0E49EDC6D4B4}"
	ProjectSection(ProjectDependencies) = postProject
		{A37A7E14-0000-0000-0000-000000000000} = {A37A7E14-0000-0000-0000-000000000000}
	EndProjectSection
EndProject
Project("{FAE04EC0-301F-11D3-BF4B-00C04F79EFBC}") = "OpenTK.GLWidget.Compat", "Source\GLWidget\OpenTK.GLWidget.Compat.csproj", "{CA314461-9057-432B-B46C-296F7A3DBB99}"
	ProjectSection(ProjectDependencies) = postProject
		{A37A7E14-0000-0000-0000-000000000000} = {A37A7E14-0000-0000-0000-000000000000}
	EndProjectSection
EndProject
Global
	GlobalSection(SolutionConfigurationPlatforms) = preSolution
		Debug|Any CPU = Debug|Any CPU
		DebugMinimal|Any CPU = DebugMinimal|Any CPU
		Documentation|Any CPU = Documentation|Any CPU
		Nsis|Any CPU = Nsis|Any CPU
		Release|Any CPU = Release|Any CPU
		ReleaseMinimal|Any CPU = ReleaseMinimal|Any CPU
	EndGlobalSection
	GlobalSection(ProjectConfigurationPlatforms) = postSolution
		{ADC34399-7613-44D2-90B2-19250F06FE7A}.Debug|Any CPU.ActiveCfg = Debug|Any CPU
		{ADC34399-7613-44D2-90B2-19250F06FE7A}.DebugMinimal|Any CPU.ActiveCfg = DebugMinimal|Any CPU
		{ADC34399-7613-44D2-90B2-19250F06FE7A}.Documentation|Any CPU.ActiveCfg = Documentation|Any CPU
		{ADC34399-7613-44D2-90B2-19250F06FE7A}.Nsis|Any CPU.ActiveCfg = Nsis|Any CPU
		{ADC34399-7613-44D2-90B2-19250F06FE7A}.Nsis|Any CPU.Build.0 = Nsis|Any CPU
		{ADC34399-7613-44D2-90B2-19250F06FE7A}.Release|Any CPU.ActiveCfg = Release|Any CPU
		{ADC34399-7613-44D2-90B2-19250F06FE7A}.ReleaseMinimal|Any CPU.ActiveCfg = ReleaseMinimal|Any CPU
		{650C6F3D-33B5-4216-9536-956AB42C0624}.Debug|Any CPU.ActiveCfg = Debug|Any CPU
		{650C6F3D-33B5-4216-9536-956AB42C0624}.DebugMinimal|Any CPU.ActiveCfg = DebugMinimal|Any CPU
		{650C6F3D-33B5-4216-9536-956AB42C0624}.Documentation|Any CPU.ActiveCfg = Documentation|Any CPU
		{650C6F3D-33B5-4216-9536-956AB42C0624}.Documentation|Any CPU.Build.0 = Documentation|Any CPU
		{650C6F3D-33B5-4216-9536-956AB42C0624}.Nsis|Any CPU.ActiveCfg = Nsis|Any CPU
		{650C6F3D-33B5-4216-9536-956AB42C0624}.Release|Any CPU.ActiveCfg = Release|Any CPU
		{650C6F3D-33B5-4216-9536-956AB42C0624}.ReleaseMinimal|Any CPU.ActiveCfg = ReleaseMinimal|Any CPU
		{31D19132-0000-0000-0000-000000000000}.Debug|Any CPU.ActiveCfg = Debug|Any CPU
		{31D19132-0000-0000-0000-000000000000}.Debug|Any CPU.Build.0 = Debug|Any CPU
		{31D19132-0000-0000-0000-000000000000}.DebugMinimal|Any CPU.ActiveCfg = Debug|Any CPU
		{31D19132-0000-0000-0000-000000000000}.DebugMinimal|Any CPU.Build.0 = Debug|Any CPU
		{31D19132-0000-0000-0000-000000000000}.Documentation|Any CPU.ActiveCfg = Documentation|Any CPU
		{31D19132-0000-0000-0000-000000000000}.Nsis|Any CPU.ActiveCfg = Nsis|Any CPU
		{31D19132-0000-0000-0000-000000000000}.Nsis|Any CPU.Build.0 = Nsis|Any CPU
		{31D19132-0000-0000-0000-000000000000}.Release|Any CPU.ActiveCfg = Release|Any CPU
		{31D19132-0000-0000-0000-000000000000}.Release|Any CPU.Build.0 = Release|Any CPU
		{31D19132-0000-0000-0000-000000000000}.ReleaseMinimal|Any CPU.ActiveCfg = ReleaseMinimal|Any CPU
		{31D19132-0000-0000-0000-000000000000}.ReleaseMinimal|Any CPU.Build.0 = ReleaseMinimal|Any CPU
		{5FDFF4B6-0000-0000-0000-000000000000}.Debug|Any CPU.ActiveCfg = Debug|Any CPU
		{5FDFF4B6-0000-0000-0000-000000000000}.Debug|Any CPU.Build.0 = Debug|Any CPU
		{5FDFF4B6-0000-0000-0000-000000000000}.DebugMinimal|Any CPU.ActiveCfg = Debug|Any CPU
		{5FDFF4B6-0000-0000-0000-000000000000}.DebugMinimal|Any CPU.Build.0 = Debug|Any CPU
		{5FDFF4B6-0000-0000-0000-000000000000}.Documentation|Any CPU.ActiveCfg = Documentation|Any CPU
		{5FDFF4B6-0000-0000-0000-000000000000}.Nsis|Any CPU.ActiveCfg = Nsis|Any CPU
		{5FDFF4B6-0000-0000-0000-000000000000}.Nsis|Any CPU.Build.0 = Nsis|Any CPU
		{5FDFF4B6-0000-0000-0000-000000000000}.Release|Any CPU.ActiveCfg = Release|Any CPU
		{5FDFF4B6-0000-0000-0000-000000000000}.Release|Any CPU.Build.0 = Release|Any CPU
		{5FDFF4B6-0000-0000-0000-000000000000}.ReleaseMinimal|Any CPU.ActiveCfg = ReleaseMinimal|Any CPU
		{5FDFF4B6-0000-0000-0000-000000000000}.ReleaseMinimal|Any CPU.Build.0 = ReleaseMinimal|Any CPU
		{75DC22B1-113F-4A66-96B9-2FF8208C10E8}.Debug|Any CPU.ActiveCfg = Debug|Any CPU
		{75DC22B1-113F-4A66-96B9-2FF8208C10E8}.Debug|Any CPU.Build.0 = Debug|Any CPU
		{75DC22B1-113F-4A66-96B9-2FF8208C10E8}.DebugMinimal|Any CPU.ActiveCfg = Debug|Any CPU
		{75DC22B1-113F-4A66-96B9-2FF8208C10E8}.DebugMinimal|Any CPU.Build.0 = Debug|Any CPU
		{75DC22B1-113F-4A66-96B9-2FF8208C10E8}.Documentation|Any CPU.ActiveCfg = Documentation|Any CPU
		{75DC22B1-113F-4A66-96B9-2FF8208C10E8}.Nsis|Any CPU.ActiveCfg = Nsis|Any CPU
		{75DC22B1-113F-4A66-96B9-2FF8208C10E8}.Nsis|Any CPU.Build.0 = Nsis|Any CPU
		{75DC22B1-113F-4A66-96B9-2FF8208C10E8}.Release|Any CPU.ActiveCfg = Release|Any CPU
		{75DC22B1-113F-4A66-96B9-2FF8208C10E8}.Release|Any CPU.Build.0 = Release|Any CPU
		{75DC22B1-113F-4A66-96B9-2FF8208C10E8}.ReleaseMinimal|Any CPU.ActiveCfg = ReleaseMinimal|Any CPU
		{75DC22B1-113F-4A66-96B9-2FF8208C10E8}.ReleaseMinimal|Any CPU.Build.0 = ReleaseMinimal|Any CPU
		{ADC34399-7613-44D2-90B2-19250F06FE7B}.Debug|Any CPU.ActiveCfg = Debug|Any CPU
		{ADC34399-7613-44D2-90B2-19250F06FE7B}.DebugMinimal|Any CPU.ActiveCfg = DebugMinimal|Any CPU
		{ADC34399-7613-44D2-90B2-19250F06FE7B}.Documentation|Any CPU.ActiveCfg = Documentation|Any CPU
		{ADC34399-7613-44D2-90B2-19250F06FE7B}.Nsis|Any CPU.ActiveCfg = Nsis|Any CPU
		{ADC34399-7613-44D2-90B2-19250F06FE7B}.Nsis|Any CPU.Build.0 = Nsis|Any CPU
		{ADC34399-7613-44D2-90B2-19250F06FE7B}.Release|Any CPU.ActiveCfg = Release|Any CPU
		{ADC34399-7613-44D2-90B2-19250F06FE7B}.ReleaseMinimal|Any CPU.ActiveCfg = ReleaseMinimal|Any CPU
		{ADC34399-7613-44D2-90B2-19250F12FE7B}.Debug|Any CPU.ActiveCfg = Debug|Any CPU
		{ADC34399-7613-44D2-90B2-19250F12FE7B}.DebugMinimal|Any CPU.ActiveCfg = DebugMinimal|Any CPU
		{ADC34399-7613-44D2-90B2-19250F12FE7B}.Documentation|Any CPU.ActiveCfg = Documentation|Any CPU
		{ADC34399-7613-44D2-90B2-19250F12FE7B}.Nsis|Any CPU.ActiveCfg = Nsis|Any CPU
		{ADC34399-7613-44D2-90B2-19250F12FE7B}.Nsis|Any CPU.Build.0 = Nsis|Any CPU
		{ADC34399-7613-44D2-90B2-19250F12FE7B}.Release|Any CPU.ActiveCfg = Release|Any CPU
		{ADC34399-7613-44D2-90B2-19250F12FE7B}.Release|Any CPU.Build.0 = Release|Any CPU
		{ADC34399-7613-44D2-90B2-19250F12FE7B}.ReleaseMinimal|Any CPU.ActiveCfg = ReleaseMinimal|Any CPU
		{C426C9D1-8857-4E52-BAC7-4C05EE6070AB}.Debug|Any CPU.ActiveCfg = Debug|Any CPU
		{C426C9D1-8857-4E52-BAC7-4C05EE6070AB}.Debug|Any CPU.Build.0 = Debug|Any CPU
		{C426C9D1-8857-4E52-BAC7-4C05EE6070AB}.DebugMinimal|Any CPU.ActiveCfg = Debug|Any CPU
		{C426C9D1-8857-4E52-BAC7-4C05EE6070AB}.DebugMinimal|Any CPU.Build.0 = Debug|Any CPU
		{C426C9D1-8857-4E52-BAC7-4C05EE6070AB}.Documentation|Any CPU.ActiveCfg = Debug|Any CPU
		{C426C9D1-8857-4E52-BAC7-4C05EE6070AB}.Nsis|Any CPU.ActiveCfg = Release|Any CPU
		{C426C9D1-8857-4E52-BAC7-4C05EE6070AB}.Nsis|Any CPU.Build.0 = Release|Any CPU
		{C426C9D1-8857-4E52-BAC7-4C05EE6070AB}.Release|Any CPU.ActiveCfg = Release|Any CPU
		{C426C9D1-8857-4E52-BAC7-4C05EE6070AB}.Release|Any CPU.Build.0 = Release|Any CPU
		{C426C9D1-8857-4E52-BAC7-4C05EE6070AB}.ReleaseMinimal|Any CPU.ActiveCfg = ReleaseMinimal|Any CPU
		{C426C9D1-8857-4E52-BAC7-4C05EE6070AB}.ReleaseMinimal|Any CPU.Build.0 = ReleaseMinimal|Any CPU
		{3C3A7B63-5A25-40EE-954A-C9EDA0732EC4}.Debug|Any CPU.ActiveCfg = Debug|Any CPU
		{3C3A7B63-5A25-40EE-954A-C9EDA0732EC4}.Debug|Any CPU.Build.0 = Debug|Any CPU
		{3C3A7B63-5A25-40EE-954A-C9EDA0732EC4}.DebugMinimal|Any CPU.ActiveCfg = Debug|Any CPU
		{3C3A7B63-5A25-40EE-954A-C9EDA0732EC4}.DebugMinimal|Any CPU.Build.0 = Debug|Any CPU
		{3C3A7B63-5A25-40EE-954A-C9EDA0732EC4}.Documentation|Any CPU.ActiveCfg = Debug|Any CPU
		{3C3A7B63-5A25-40EE-954A-C9EDA0732EC4}.Documentation|Any CPU.Build.0 = Debug|Any CPU
		{3C3A7B63-5A25-40EE-954A-C9EDA0732EC4}.Nsis|Any CPU.ActiveCfg = Release|Any CPU
		{3C3A7B63-5A25-40EE-954A-C9EDA0732EC4}.Nsis|Any CPU.Build.0 = Release|Any CPU
		{3C3A7B63-5A25-40EE-954A-C9EDA0732EC4}.Release|Any CPU.ActiveCfg = Release|Any CPU
		{3C3A7B63-5A25-40EE-954A-C9EDA0732EC4}.Release|Any CPU.Build.0 = Release|Any CPU
		{3C3A7B63-5A25-40EE-954A-C9EDA0732EC4}.ReleaseMinimal|Any CPU.ActiveCfg = Release|Any CPU
		{3C3A7B63-5A25-40EE-954A-C9EDA0732EC4}.ReleaseMinimal|Any CPU.Build.0 = Release|Any CPU
		{A37A7E14-0000-0000-0000-000000000000}.Debug|Any CPU.ActiveCfg = Debug|Any CPU
		{A37A7E14-0000-0000-0000-000000000000}.Debug|Any CPU.Build.0 = Debug|Any CPU
		{A37A7E14-0000-0000-0000-000000000000}.DebugMinimal|Any CPU.ActiveCfg = DebugMinimal|Any CPU
		{A37A7E14-0000-0000-0000-000000000000}.DebugMinimal|Any CPU.Build.0 = DebugMinimal|Any CPU
		{A37A7E14-0000-0000-0000-000000000000}.Documentation|Any CPU.ActiveCfg = Documentation|Any CPU
		{A37A7E14-0000-0000-0000-000000000000}.Documentation|Any CPU.Build.0 = Documentation|Any CPU
		{A37A7E14-0000-0000-0000-000000000000}.Nsis|Any CPU.ActiveCfg = Nsis|Any CPU
		{A37A7E14-0000-0000-0000-000000000000}.Nsis|Any CPU.Build.0 = Nsis|Any CPU
		{A37A7E14-0000-0000-0000-000000000000}.Release|Any CPU.ActiveCfg = Release|Any CPU
		{A37A7E14-0000-0000-0000-000000000000}.Release|Any CPU.Build.0 = Release|Any CPU
		{A37A7E14-0000-0000-0000-000000000000}.ReleaseMinimal|Any CPU.ActiveCfg = ReleaseMinimal|Any CPU
		{A37A7E14-0000-0000-0000-000000000000}.ReleaseMinimal|Any CPU.Build.0 = ReleaseMinimal|Any CPU
		{11A0C091-262B-4CC2-8F9E-40AA32321EE4}.Debug|Any CPU.ActiveCfg = Debug|Any CPU
		{11A0C091-262B-4CC2-8F9E-40AA32321EE4}.Debug|Any CPU.Build.0 = Debug|Any CPU
		{11A0C091-262B-4CC2-8F9E-40AA32321EE4}.DebugMinimal|Any CPU.ActiveCfg = DebugMinimal|Any CPU
		{11A0C091-262B-4CC2-8F9E-40AA32321EE4}.DebugMinimal|Any CPU.Build.0 = DebugMinimal|Any CPU
		{11A0C091-262B-4CC2-8F9E-40AA32321EE4}.Documentation|Any CPU.ActiveCfg = DebugMinimal|Any CPU
		{11A0C091-262B-4CC2-8F9E-40AA32321EE4}.Documentation|Any CPU.Build.0 = DebugMinimal|Any CPU
		{11A0C091-262B-4CC2-8F9E-40AA32321EE4}.Nsis|Any CPU.ActiveCfg = ReleaseMinimal|Any CPU
		{11A0C091-262B-4CC2-8F9E-40AA32321EE4}.Nsis|Any CPU.Build.0 = ReleaseMinimal|Any CPU
		{11A0C091-262B-4CC2-8F9E-40AA32321EE4}.Release|Any CPU.ActiveCfg = Release|Any CPU
		{11A0C091-262B-4CC2-8F9E-40AA32321EE4}.Release|Any CPU.Build.0 = Release|Any CPU
		{11A0C091-262B-4CC2-8F9E-40AA32321EE4}.ReleaseMinimal|Any CPU.ActiveCfg = ReleaseMinimal|Any CPU
		{11A0C091-262B-4CC2-8F9E-40AA32321EE4}.ReleaseMinimal|Any CPU.Build.0 = ReleaseMinimal|Any CPU
		{34DEDFAF-DF27-4E9A-ADE0-0E49EDC6D4B4}.Debug|Any CPU.ActiveCfg = Debug|Any CPU
		{34DEDFAF-DF27-4E9A-ADE0-0E49EDC6D4B4}.Debug|Any CPU.Build.0 = Debug|Any CPU
		{34DEDFAF-DF27-4E9A-ADE0-0E49EDC6D4B4}.DebugMinimal|Any CPU.ActiveCfg = DebugMinimal|Any CPU
		{34DEDFAF-DF27-4E9A-ADE0-0E49EDC6D4B4}.DebugMinimal|Any CPU.Build.0 = DebugMinimal|Any CPU
		{34DEDFAF-DF27-4E9A-ADE0-0E49EDC6D4B4}.Documentation|Any CPU.ActiveCfg = Documentation|Any CPU
		{34DEDFAF-DF27-4E9A-ADE0-0E49EDC6D4B4}.Documentation|Any CPU.Build.0 = Documentation|Any CPU
		{34DEDFAF-DF27-4E9A-ADE0-0E49EDC6D4B4}.Nsis|Any CPU.ActiveCfg = Nsis|Any CPU
		{34DEDFAF-DF27-4E9A-ADE0-0E49EDC6D4B4}.Nsis|Any CPU.Build.0 = Nsis|Any CPU
		{34DEDFAF-DF27-4E9A-ADE0-0E49EDC6D4B4}.Release|Any CPU.ActiveCfg = Release|Any CPU
		{34DEDFAF-DF27-4E9A-ADE0-0E49EDC6D4B4}.Release|Any CPU.Build.0 = Release|Any CPU
		{34DEDFAF-DF27-4E9A-ADE0-0E49EDC6D4B4}.ReleaseMinimal|Any CPU.ActiveCfg = ReleaseMinimal|Any CPU
		{34DEDFAF-DF27-4E9A-ADE0-0E49EDC6D4B4}.ReleaseMinimal|Any CPU.Build.0 = ReleaseMinimal|Any CPU
		{CA314461-9057-432B-B46C-296F7A3DBB99}.Debug|Any CPU.ActiveCfg = Debug|Any CPU
		{CA314461-9057-432B-B46C-296F7A3DBB99}.Debug|Any CPU.Build.0 = Debug|Any CPU
		{CA314461-9057-432B-B46C-296F7A3DBB99}.DebugMinimal|Any CPU.ActiveCfg = DebugMinimal|Any CPU
		{CA314461-9057-432B-B46C-296F7A3DBB99}.DebugMinimal|Any CPU.Build.0 = DebugMinimal|Any CPU
		{CA314461-9057-432B-B46C-296F7A3DBB99}.Documentation|Any CPU.ActiveCfg = Documentation|Any CPU
		{CA314461-9057-432B-B46C-296F7A3DBB99}.Documentation|Any CPU.Build.0 = Documentation|Any CPU
		{CA314461-9057-432B-B46C-296F7A3DBB99}.Nsis|Any CPU.ActiveCfg = Nsis|Any CPU
		{CA314461-9057-432B-B46C-296F7A3DBB99}.Nsis|Any CPU.Build.0 = Nsis|Any CPU
		{CA314461-9057-432B-B46C-296F7A3DBB99}.Release|Any CPU.ActiveCfg = Release|Any CPU
		{CA314461-9057-432B-B46C-296F7A3DBB99}.Release|Any CPU.Build.0 = Release|Any CPU
		{CA314461-9057-432B-B46C-296F7A3DBB99}.ReleaseMinimal|Any CPU.ActiveCfg = ReleaseMinimal|Any CPU
		{CA314461-9057-432B-B46C-296F7A3DBB99}.ReleaseMinimal|Any CPU.Build.0 = ReleaseMinimal|Any CPU
	EndGlobalSection
	GlobalSection(SolutionProperties) = preSolution
		HideSolutionNode = FALSE
	EndGlobalSection
	GlobalSection(MonoDevelopProperties) = preSolution
		StartupItem = Source\Examples\OpenTK.Examples.csproj
	EndGlobalSection
EndGlobal
